Terraform used the selected providers to generate the following execution plan.
Resource actions are indicated with the following symbols:
  + create

Terraform will perform the following actions:

  # aws_db_instance.main will be created
  + resource "aws_db_instance" "main" {
      + allocated_storage                     = 20
      + apply_immediately                     = false
      + auto_minor_version_upgrade            = true
      + availability_zone                     = (known after apply)
      + backup_retention_period               = (known after apply)
      + backup_window                         = (known after apply)
      + ca_cert_identifier                    = (known after apply)
      + character_set_name                    = (known after apply)
      + copy_tags_to_snapshot                 = false
      + db_name                               = "myapp"
      + db_subnet_group_name                  = "main"
      + delete_automated_backups              = true
      + endpoint                              = (known after apply)
      + engine                                = "postgres"
      + engine_version                        = "15.4"
      + engine_version_actual                 = (known after apply)
      + hosted_zone_id                        = (known after apply)
      + id                                    = (known after apply)
      + identifier                            = "main-database"
      + instance_class                        = "db.t3.small"
      + kms_key_id                            = (known after apply)
      + license_model                         = (known after apply)
      + maintenance_window                    = (known after apply)
      + monitoring_interval                   = 0
      + monitoring_role_arn                   = (known after apply)
      + multi_az                              = (known after apply)
      + port                                  = (known after apply)
      + publicly_accessible                  = false
      + resource_id                           = (known after apply)
      + skip_final_snapshot                   = true
      + storage_type                          = "gp3"
      + tags_all                              = (known after apply)
      + timezone                              = (known after apply)
      + username                              = "dbuser"
      + vpc_security_group_ids                = (known after apply)
    }

  # aws_db_subnet_group.main will be created
  + resource "aws_db_subnet_group" "main" {
      + arn         = (known after apply)
      + description = "Managed by Terraform"
      + id          = (known after apply)
      + name        = "main"
      + subnet_ids  = (known after apply)
      + tags        = {
          + "Name" = "main-db-subnet-group"
        }
      + tags_all    = (known after apply)
    }

  # aws_ebs_volume.data will be created
  + resource "aws_ebs_volume" "data" {
      + arn               = (known after apply)
      + availability_zone = "ap-southeast-1a"
      + encrypted         = (known after apply)
      + final_snapshot    = false
      + id                = (known after apply)
      + iops              = 4000
      + kms_key_id        = (known after apply)
      + size              = 100
      + snapshot_id       = (known after apply)
      + tags              = {
          + "Name" = "data-volume"
        }
      + tags_all          = (known after apply)
      + throughput        = 200
      + type              = "gp3"
    }

  # aws_eip.nat will be created
  + resource "aws_eip" "nat" {
      + allocation_id        = (known after apply)
      + association_id       = (known after apply)
      + carrier_ip           = (known after apply)
      + customer_owned_ip    = (known after apply)
      + domain               = "vpc"
      + id                   = (known after apply)
      + instance             = (known after apply)
      + network_border_group = (known after apply)
      + network_interface    = (known after apply)
      + private_dns          = (known after apply)
      + private_ip           = (known after apply)
      + public_dns           = (known after apply)
      + public_ip            = (known after apply)
      + public_ipv4_pool     = (known after apply)
      + tags                 = {
          + "Name" = "nat-eip"
        }
      + tags_all             = (known after apply)
      + vpc                  = (known after apply)
    }

  # aws_instance.web[0] will be created
  + resource "aws_instance" "web" {
      + ami                                  = "ami-0c02fb55956c7d316"
      + arn                                  = (known after apply)
      + associate_public_ip_address          = (known after apply)
      + availability_zone                    = (known after apply)
      + cpu_core_count                       = (known after apply)
      + cpu_threads_per_core                 = (known after apply)
      + disable_api_stop                     = (known after apply)
      + disable_api_termination              = (known after apply)
      + ebs_optimized                        = (known after apply)
      + get_password_data                    = false
      + host_id                              = (known after apply)
      + host_resource_group_arn              = (known after apply)
      + id                                   = (known after apply)
      + instance_initiated_shutdown_behavior = (known after apply)
      + instance_state                       = (known after apply)
      + instance_type                        = "t3.medium"
      + ipv6_address_count                   = (known after apply)
      + ipv6_addresses                       = (known after apply)
      + key_name                             = "my-key-pair"
      + monitoring                           = (known after apply)
      + outpost_arn                          = (known after apply)
      + password_data                        = (known after apply)
      + placement_group                      = (known after apply)
      + placement_partition_number           = (known after apply)
      + primary_network_interface_id         = (known after apply)
      + private_dns                          = (known after apply)
      + private_ip                           = (known after apply)
      + public_dns                           = (known after apply)
      + public_ip                            = (known after apply)
      + secondary_private_ips                = (known after apply)
      + security_groups                      = (known after apply)
      + source_dest_check                    = true
      + subnet_id                            = (known after apply)
      + tags                                 = {
          + "Name" = "web-server-1"
        }
      + tags_all                             = (known after apply)
      + tenancy                              = (known after apply)
      + user_data                            = (known after apply)
      + user_data_base64                     = (known after apply)
      + user_data_replace_on_change          = false
      + vpc_security_group_ids               = (known after apply)

      + root_block_device {
          + delete_on_termination = true
          + device_name           = (known after apply)
          + encrypted             = (known after apply)
          + iops                  = 3000
          + kms_key_id            = (known after apply)
          + tags                  = (known after apply)
          + throughput            = 125
          + volume_id             = (known after apply)
          + volume_size           = 20
          + volume_type           = "gp3"
        }
    }

  # aws_instance.web[1] will be created
  + resource "aws_instance" "web" {
      + ami                                  = "ami-0c02fb55956c7d316"
      + arn                                  = (known after apply)
      + associate_public_ip_address          = (known after apply)
      + availability_zone                    = (known after apply)
      + cpu_core_count                       = (known after apply)
      + cpu_threads_per_core                 = (known after apply)
      + disable_api_stop                     = (known after apply)
      + disable_api_termination              = (known after apply)
      + ebs_optimized                        = (known after apply)
      + get_password_data                    = false
      + host_id                              = (known after apply)
      + host_resource_group_arn              = (known after apply)
      + id                                   = (known after apply)
      + instance_initiated_shutdown_behavior = (known after apply)
      + instance_state                       = (known after apply)
      + instance_type                        = "t3.medium"
      + ipv6_address_count                   = (known after apply)
      + ipv6_addresses                       = (known after apply)
      + key_name                             = "my-key-pair"
      + monitoring                           = (known after apply)
      + outpost_arn                          = (known after apply)
      + password_data                        = (known after apply)
      + placement_group                      = (known after apply)
      + placement_partition_number           = (known after apply)
      + primary_network_interface_id         = (known after apply)
      + private_dns                          = (known after apply)
      + private_ip                           = (known after apply)
      + public_dns                           = (known after apply)
      + public_ip                            = (known after apply)
      + secondary_private_ips                = (known after apply)
      + security_groups                      = (known after apply)
      + source_dest_check                    = true
      + subnet_id                            = (known after apply)
      + tags                                 = {
          + "Name" = "web-server-2"
        }
      + tags_all                             = (known after apply)
      + tenancy                              = (known after apply)
      + user_data                            = (known after apply)
      + user_data_base64                     = (known after apply)
      + user_data_replace_on_change          = false
      + vpc_security_group_ids               = (known after apply)

      + root_block_device {
          + delete_on_termination = true
          + device_name           = (known after apply)
          + encrypted             = (known after apply)
          + iops                  = 3000
          + kms_key_id            = (known after apply)
          + tags                  = (known after apply)
          + throughput            = 125
          + volume_id             = (known after apply)
          + volume_size           = 20
          + volume_type           = "gp3"
        }
    }

  # aws_nat_gateway.main will be created
  + resource "aws_nat_gateway" "main" {
      + allocation_id        = (known after apply)
      + connectivity_type    = "public"
      + id                   = (known after apply)
      + network_interface_id = (known after apply)
      + private_ip           = (known after apply)
      + public_ip            = (known after apply)
      + subnet_id            = (known after apply)
      + tags                 = {
          + "Name" = "main-nat-gateway"
        }
      + tags_all             = (known after apply)
    }

Plan: 7 to add, 0 to change, 0 to destroy.