{
  "format_version": "1.2",
  "terraform_version": "1.6.0",
  "variables": {},
  "planned_values": {
    "root_module": {
      "resources": [
        {
          "address": "aws_instance.web_server",
          "mode": "managed",
          "type": "aws_instance",
          "name": "web_server",
          "values": {
            "instance_type": "t3.small",
            "ami": "ami-0abcdef1234567890"
          }
        }
      ]
    }
  },
  "resource_changes": [
    {
      "address": "aws_instance.web_server",
      "mode": "managed",
      "type": "aws_instance",
      "name": "web_server",
      "provider_name": "registry.terraform.io/hashicorp/aws",
      "change": {
        "actions": ["create"],
        "before": null,
        "after": {
          "instance_type": "t3.small",
          "ami": "ami-0abcdef1234567890",
          "associate_public_ip_address": true,
          "availability_zone": "us-east-1a",
          "disable_api_termination": false,
          "ebs_optimized": true,
          "monitoring": false,
          "source_dest_check": true,
          "tags": {
            "Name": "WebServer",
            "Environment": "test"
          },
          "volume_tags": null
        },
        "after_unknown": {
          "arn": true,
          "id": true,
          "instance_state": true,
          "private_dns": true,
          "private_ip": true,
          "public_dns": true,
          "public_ip": true
        },
        "before_sensitive": false,
        "after_sensitive": {
          "tags": {},
          "volume_tags": {}
        }
      }
    },
    {
      "address": "aws_ebs_volume.app_data",
      "mode": "managed",
      "type": "aws_ebs_volume",
      "name": "app_data",
      "provider_name": "registry.terraform.io/hashicorp/aws",
      "change": {
        "actions": ["create"],
        "before": null,
        "after": {
          "availability_zone": "us-east-1a",
          "encrypted": true,
          "size": 100,
          "type": "gp3",
          "iops": 3000,
          "throughput": 125,
          "tags": {
            "Name": "AppData",
            "Environment": "test"
          }
        },
        "after_unknown": {
          "arn": true,
          "id": true,
          "snapshot_id": true
        }
      }
    },
    {
      "address": "aws_nat_gateway.main",
      "mode": "managed",
      "type": "aws_nat_gateway",
      "name": "main",
      "provider_name": "registry.terraform.io/hashicorp/aws",
      "change": {
        "actions": ["create"],
        "before": null,
        "after": {
          "connectivity_type": "public",
          "subnet_id": "subnet-12345678",
          "tags": {
            "Name": "MainNATGateway"
          }
        },
        "after_unknown": {
          "allocation_id": true,
          "id": true,
          "network_interface_id": true,
          "private_ip": true,
          "public_ip": true
        }
      }
    }
  ],
  "configuration": {
    "provider_config": {
      "aws": {
        "name": "aws",
        "full_name": "registry.terraform.io/hashicorp/aws",
        "version_constraint": "~> 5.0"
      }
    }
  }
}
